<?xml version="1.0" encoding="utf-8"?>
<Project ToolsVersion="4.0" xmlns="http://schemas.microsoft.com/developer/msbuild/2003">
  <ItemGroup>
    <ClCompile Include="..\dependencies\minhook\src\trampoline.c" />
    <ClCompile Include="..\dependencies\minhook\src\buffer.c" />
    <ClCompile Include="..\dependencies\minhook\src\hook.c" />
    <ClCompile Include="..\dependencies\minhook\src\hde\hde32.c" />
    <ClCompile Include="..\dependencies\minhook\src\hde\hde64.c" />
    <ClCompile Include="src\CaStore.cpp">
      <Filter>Source Files</Filter>
    </ClCompile>
    <ClCompile Include="src\Certs.cpp">
      <Filter>Source Files</Filter>
    </ClCompile>
    <ClCompile Include="src\DllMain.cpp">
      <Filter>Source Files</Filter>
    </ClCompile>
    <ClCompile Include="..\backend\src\HttpParse.cpp">
      <Filter>Source Files</Filter>
    </ClCompile>
    <ClCompile Include="..\dependencies\json11\json11.cpp">
      <Filter>Source Files</Filter>
    </ClCompile>
    <ClCompile Include="src\LoginPatch.cpp">
      <Filter>Source Files</Filter>
    </ClCompile>
    <ClCompile Include="src\OafRewrite.cpp">
      <Filter>Source Files</Filter>
    </ClCompile>
    <ClCompile Include="src\OvrRuntime.cpp">
      <Filter>Source Files</Filter>
    </ClCompile>
    <ClCompile Include="src\BackendLogger.cpp">
      <Filter>Source Files</Filter>
    </ClCompile>
    <ClCompile Include="src\ProbePrefs.cpp">
      <Filter>Source Files</Filter>
    </ClCompile>
    <ClCompile Include="src\Redirect.cpp">
      <Filter>Source Files</Filter>
    </ClCompile>
    <ClCompile Include="..\backend\src\ResponseStore.cpp">
      <Filter>Source Files</Filter>
    </ClCompile>
    <ClCompile Include="src\SslWatch.cpp">
      <Filter>Source Files</Filter>
    </ClCompile>
    <ClCompile Include="src\TlsServer.cpp">
      <Filter>Source Files</Filter>
    </ClCompile>
    <ClCompile Include="src\TokenInject.cpp">
      <Filter>Source Files</Filter>
    </ClCompile>
    <ClCompile Include="src\VerifyHook.cpp">
      <Filter>Source Files</Filter>
    </ClCompile>
    <ClCompile Include="src\GraphqlCapture.cpp">
      <Filter>Source Files\Capture Tools</Filter>
    </ClCompile>
    <ClCompile Include="src\VertsCapture.cpp">
      <Filter>Source Files\Capture Tools</Filter>
    </ClCompile>
    <ClCompile Include="src\OafCapture.cpp">
      <Filter>Source Files\Capture Tools</Filter>
    </ClCompile>
  </ItemGroup>
  <ItemGroup>
    <ClInclude Include="src\Certs.h">
      <Filter>Header Files</Filter>
    </ClInclude>
    <ClInclude Include="src\HttpParse.h">
      <Filter>Header Files</Filter>
    </ClInclude>
    <ClInclude Include="src\Probe.h">
      <Filter>Header Files</Filter>
    </ClInclude>
    <ClInclude Include="src\BackendLogger.h">
      <Filter>Header Files</Filter>
    </ClInclude>
    <ClInclude Include="src\ProbePrefs.h">
      <Filter>Header Files</Filter>
    </ClInclude>
    <ClInclude Include="src\ResponseDefinitions.h">
      <Filter>Header Files</Filter>
    </ClInclude>
    <ClInclude Include="src\ResponseStore.h">
      <Filter>Header Files</Filter>
    </ClInclude>
  </ItemGroup>
  <ItemGroup>
    <Filter Include="Header Files">
      <UniqueIdentifier>{80aee962-69fa-4faa-8928-9389189e5277}</UniqueIdentifier>
    </Filter>
    <Filter Include="Source Files">
      <UniqueIdentifier>{56c41a39-e281-4d14-b24c-197a5cb8ae8b}</UniqueIdentifier>
    </Filter>
    <Filter Include="Source Files\Capture Tools">
      <UniqueIdentifier>{39501ca7-68e1-4759-8e00-e6b754bd7269}</UniqueIdentifier>
    </Filter>
  </ItemGroup>
</Project>